// !$*UTF8*$!
{
	archiveVersion = 1;
	classes = {
	};
	objectVersion = 46;
	objects = {

/* Begin PBXBuildFile section */
		593D9C5519DD1F6400A914D3 /* AlbertEinsteinStamp.jpg in Resources */ = {isa = PBXBuildFile; fileRef = 593D9C5419DD1F6400A914D3 /* AlbertEinsteinStamp.jpg */; };
		59867C5919CD49F900A2119B /* SagradaFamilia.jpeg in Resources */ = {isa = PBXBuildFile; fileRef = 59867C5819CD49F900A2119B /* SagradaFamilia.jpeg */; };
		5993946619C2B42D00489E27 /* AppDelegate.swift in Sources */ = {isa = PBXBuildFile; fileRef = 5993946519C2B42D00489E27 /* AppDelegate.swift */; };
		5993946819C2B42D00489E27 /* ViewController.swift in Sources */ = {isa = PBXBuildFile; fileRef = 5993946719C2B42D00489E27 /* ViewController.swift */; };
		5993946B19C2B42D00489E27 /* Main.storyboard in Resources */ = {isa = PBXBuildFile; fileRef = 5993946919C2B42D00489E27 /* Main.storyboard */; };
		5993946D19C2B42D00489E27 /* Images.xcassets in Resources */ = {isa = PBXBuildFile; fileRef = 5993946C19C2B42D00489E27 /* Images.xcassets */; };
		5993947019C2B42D00489E27 /* LaunchScreen.xib in Resources */ = {isa = PBXBuildFile; fileRef = 5993946E19C2B42D00489E27 /* LaunchScreen.xib */; };
		5993947C19C2B42D00489E27 /* PostcardTests.swift in Sources */ = {isa = PBXBuildFile; fileRef = 5993947B19C2B42D00489E27 /* PostcardTests.swift */; };
/* End PBXBuildFile section */

/* Begin PBXContainerItemProxy section */
		5993947619C2B42D00489E27 /* PBXContainerItemProxy */ = {
			isa = PBXContainerItemProxy;
			containerPortal = 5993945819C2B42D00489E27 /* Project object */;
			proxyType = 1;
			remoteGlobalIDString = 5993945F19C2B42D00489E27;
			remoteInfo = Postcard;
		};
/* End PBXContainerItemProxy section */

/* Begin PBXFileReference section */
		593D9C5419DD1F6400A914D3 /* AlbertEinsteinStamp.jpg */ = {isa = PBXFileReference; lastKnownFileType = image.jpeg; path = AlbertEinsteinStamp.jpg; sourceTree = "<group>"; };
		59867C5819CD49F900A2119B /* SagradaFamilia.jpeg */ = {isa = PBXFileReference; lastKnownFileType = image.jpeg; path = SagradaFamilia.jpeg; sourceTree = "<group>"; };
		5993946019C2B42D00489E27 /* Postcard.app */ = {isa = PBXFileReference; explicitFileType = wrapper.application; includeInIndex = 0; path = Postcard.app; sourceTree = BUILT_PRODUCTS_DIR; };
		5993946419C2B42D00489E27 /* Info.plist */ = {isa = PBXFileReference; lastKnownFileType = text.plist.xml; path = Info.plist; sourceTree = "<group>"; };
		5993946519C2B42D00489E27 /* AppDelegate.swift */ = {isa = PBXFileReference; lastKnownFileType = sourcecode.swift; path = AppDelegate.swift; sourceTree = "<group>"; };
		5993946719C2B42D00489E27 /* ViewController.swift */ = {isa = PBXFileReference; lastKnownFileType = sourcecode.swift; path = ViewController.swift; sourceTree = "<group>"; };
		5993946A19C2B42D00489E27 /* Base */ = {isa = PBXFileReference; lastKnownFileType = file.storyboard; name = Base; path = Base.lproj/Main.storyboard; sourceTree = "<group>"; };
		5993946C19C2B42D00489E27 /* Images.xcassets */ = {isa = PBXFileReference; lastKnownFileType = folder.assetcatalog; path = Images.xcassets; sourceTree = "<group>"; };
		5993946F19C2B42D00489E27 /* Base */ = {isa = PBXFileReference; lastKnownFileType = file.xib; name = Base; path = Base.lproj/LaunchScreen.xib; sourceTree = "<group>"; };
		5993947519C2B42D00489E27 /* PostcardTests.xctest */ = {isa = PBXFileReference; explicitFileType = wrapper.cfbundle; includeInIndex = 0; path = PostcardTests.xctest; sourceTree = BUILT_PRODUCTS_DIR; };
		5993947A19C2B42D00489E27 /* Info.plist */ = {isa = PBXFileReference; lastKnownFileType = text.plist.xml; path = Info.plist; sourceTree = "<group>"; };
		5993947B19C2B42D00489E27 /* PostcardTests.swift */ = {isa = PBXFileReference; lastKnownFileType = sourcecode.swift; path = PostcardTests.swift; sourceTree = "<group>"; };
/* End PBXFileReference section */

/* Begin PBXFrameworksBuildPhase section */
		5993945D19C2B42D00489E27 /* Frameworks */ = {
			isa = PBXFrameworksBuildPhase;
			buildActionMask = 2147483647;
			files = (
			);
			runOnlyForDeploymentPostprocessing = 0;
		};
		5993947219C2B42D00489E27 /* Frameworks */ = {
			isa = PBXFrameworksBuildPhase;
			buildActionMask = 2147483647;
			files = (
			);
			runOnlyForDeploymentPostprocessing = 0;
		};
/* End PBXFrameworksBuildPhase section */

/* Begin PBXGroup section */
		5993945719C2B42D00489E27 = {
			isa = PBXGroup;
			children = (
				5993946219C2B42D00489E27 /* Postcard */,
				5993947819C2B42D00489E27 /* PostcardTests */,
				5993946119C2B42D00489E27 /* Products */,
			);
			sourceTree = "<group>";
		};
		5993946119C2B42D00489E27 /* Products */ = {
			isa = PBXGroup;
			children = (
				5993946019C2B42D00489E27 /* Postcard.app */,
				5993947519C2B42D00489E27 /* PostcardTests.xctest */,
			);
			name = Products;
			sourceTree = "<group>";
		};
		5993946219C2B42D00489E27 /* Postcard */ = {
			isa = PBXGroup;
			children = (
				5993946519C2B42D00489E27 /* AppDelegate.swift */,
				5993946719C2B42D00489E27 /* ViewController.swift */,
				5993946919C2B42D00489E27 /* Main.storyboard */,
				5993946C19C2B42D00489E27 /* Images.xcassets */,
				5993946E19C2B42D00489E27 /* LaunchScreen.xib */,
				5993946319C2B42D00489E27 /* Supporting Files */,
			);
			path = Postcard;
			sourceTree = "<group>";
		};
		5993946319C2B42D00489E27 /* Supporting Files */ = {
			isa = PBXGroup;
			children = (
				593D9C5419DD1F6400A914D3 /* AlbertEinsteinStamp.jpg */,
				59867C5819CD49F900A2119B /* SagradaFamilia.jpeg */,
				5993946419C2B42D00489E27 /* Info.plist */,
			);
			name = "Supporting Files";
			sourceTree = "<group>";
		};
		5993947819C2B42D00489E27 /* PostcardTests */ = {
			isa = PBXGroup;
			children = (
				5993947B19C2B42D00489E27 /* PostcardTests.swift */,
				5993947919C2B42D00489E27 /* Supporting Files */,
			);
			path = PostcardTests;
			sourceTree = "<group>";
		};
		5993947919C2B42D00489E27 /* Supporting Files */ = {
			isa = PBXGroup;
			children = (
				5993947A19C2B42D00489E27 /* Info.plist */,
			);
			name = "Supporting Files";
			sourceTree = "<group>";
		};
/* End PBXGroup section */

/* Begin PBXNativeTarget section */
		5993945F19C2B42D00489E27 /* Postcard */ = {
			isa = PBXNativeTarget;
			buildConfigurationList = 5993947F19C2B42D00489E27 /* Build configuration list for PBXNativeTarget "Postcard" */;
			buildPhases = (
				5993945C19C2B42D00489E27 /* Sources */,
				5993945D19C2B42D00489E27 /* Frameworks */,
				5993945E19C2B42D00489E27 /* Resources */,
			);
			buildRules = (
			);
			dependencies = (
			);
			name = Postcard;
			productName = Postcard;
			productReference = 5993946019C2B42D00489E27 /* Postcard.app */;
			productType = "com.apple.product-type.application";
		};
		5993947419C2B42D00489E27 /* PostcardTests */ = {
			isa = PBXNativeTarget;
			buildConfigurationList = 5993948219C2B42D00489E27 /* Build configuration list for PBXNativeTarget "PostcardTests" */;
			buildPhases = (
				5993947119C2B42D00489E27 /* Sources */,
				5993947219C2B42D00489E27 /* Frameworks */,
				5993947319C2B42D00489E27 /* Resources */,
			);
			buildRules = (
			);
			dependencies = (
				5993947719C2B42D00489E27 /* PBXTargetDependency */,
			);
			name = PostcardTests;
			productName = PostcardTests;
			productReference = 5993947519C2B42D00489E27 /* PostcardTests.xctest */;
			productType = "com.apple.product-type.bundle.unit-test";
		};
/* End PBXNativeTarget section */

/* Begin PBXProject section */
		5993945819C2B42D00489E27 /* Project object */ = {
			isa = PBXProject;
			attributes = {
				LastUpgradeCheck = 0600;
				ORGANIZATIONNAME = "Robert E Spivack";
				TargetAttributes = {
					5993945F19C2B42D00489E27 = {
						CreatedOnToolsVersion = 6.0;
					};
					5993947419C2B42D00489E27 = {
						CreatedOnToolsVersion = 6.0;
						TestTargetID = 5993945F19C2B42D00489E27;
					};
				};
			};
			buildConfigurationList = 5993945B19C2B42D00489E27 /* Build configuration list for PBXProject "Postcard" */;
			compatibilityVersion = "Xcode 3.2";
			developmentRegion = English;
			hasScannedForEncodings = 0;
			knownRegions = (
				en,
				Base,
			);
			mainGroup = 5993945719C2B42D00489E27;
			productRefGroup = 5993946119C2B42D00489E27 /* Products */;
			projectDirPath = "";
			projectRoot = "";
			targets = (
				5993945F19C2B42D00489E27 /* Postcard */,
				5993947419C2B42D00489E27 /* PostcardTests */,
			);
		};
/* End PBXProject section */

/* Begin PBXResourcesBuildPhase section */
		5993945E19C2B42D00489E27 /* Resources */ = {
			isa = PBXResourcesBuildPhase;
			buildActionMask = 2147483647;
			files = (
				5993946B19C2B42D00489E27 /* Main.storyboard in Resources */,
				59867C5919CD49F900A2119B /* SagradaFamilia.jpeg in Resources */,
				593D9C5519DD1F6400A914D3 /* AlbertEinsteinStamp.jpg in Resources */,
				5993947019C2B42D00489E27 /* LaunchScreen.xib in Resources */,
				5993946D19C2B42D00489E27 /* Images.xcassets in Resources */,
			);
			runOnlyForDeploymentPostprocessing = 0;
		};
		5993947319C2B42D00489E27 /* Resources */ = {
			isa = PBXResourcesBuildPhase;
			buildActionMask = 2147483647;
			files = (
			);
			runOnlyForDeploymentPostprocessing = 0;
		};
/* End PBXResourcesBuildPhase section */

/* Begin PBXSourcesBuildPhase section */
		5993945C19C2B42D00489E27 /* Sources */ = {
			isa = PBXSourcesBuildPhase;
			buildActionMask = 2147483647;
			files = (
				5993946819C2B42D00489E27 /* ViewController.swift in Sources */,
				5993946619C2B42D00489E27 /* AppDelegate.swift in Sources */,
			);
			runOnlyForDeploymentPostprocessing = 0;
		};
		5993947119C2B42D00489E27 /* Sources */ = {
			isa = PBXSourcesBuildPhase;
			buildActionMask = 2147483647;
			files = (
				5993947C19C2B42D00489E27 /* PostcardTests.swift in Sources */,
			);
			runOnlyForDeploymentPostprocessing = 0;
		};
/* End PBXSourcesBuildPhase section */

/* Begin PBXTargetDependency section */
		5993947719C2B42D00489E27 /* PBXTargetDependency */ = {
			isa = PBXTargetDependency;
			target = 5993945F19C2B42D00489E27 /* Postcard */;
			targetProxy = 5993947619C2B42D00489E27 /* PBXContainerItemProxy */;
		};
/* End PBXTargetDependency section */

/* Begin PBXVariantGroup section */
		5993946919C2B42D00489E27 /* Main.storyboard */ = {
			isa = PBXVariantGroup;
			children = (
				5993946A19C2B42D00489E27 /* Base */,
			);
			name = Main.storyboard;
			sourceTree = "<group>";
		};
		5993946E19C2B42D00489E27 /* LaunchScreen.xib */ = {
			isa = PBXVariantGroup;
			children = (
				5993946F19C2B42D00489E27 /* Base */,
			);
			name = LaunchScreen.xib;
			sourceTree = "<group>";
		};
/* End PBXVariantGroup section */

/* Begin XCBuildConfiguration section */
		5993947D19C2B42D00489E27 /* Debug */ = {
			isa = XCBuildConfiguration;
			buildSettings = {
				ALWAYS_SEARCH_USER_PATHS = NO;
				CLANG_CXX_LANGUAGE_STANDARD = "gnu++0x";
				CLANG_CXX_LIBRARY = "libc++";
				CLANG_ENABLE_MODULES = YES;
				CLANG_ENABLE_OBJC_ARC = YES;
				CLANG_WARN_BOOL_CONVERSION = YES;
				CLANG_WARN_CONSTANT_CONVERSION = YES;
				CLANG_WARN_DIRECT_OBJC_ISA_USAGE = YES_ERROR;
				CLANG_WARN_EMPTY_BODY = YES;
				CLANG_WARN_ENUM_CONVERSION = YES;
				CLANG_WARN_INT_CONVERSION = YES;
				CLANG_WARN_OBJC_ROOT_CLASS = YES_ERROR;
				CLANG_WARN_UNREACHABLE_CODE = YES;
				CLANG_WARN__DUPLICATE_METHOD_MATCH = YES;
				"CODE_SIGN_IDENTITY[sdk=iphoneos*]" = "iPhone Developer";
				COPY_PHASE_STRIP = NO;
				ENABLE_STRICT_OBJC_MSGSEND = YES;
				GCC_C_LANGUAGE_STANDARD = gnu99;
				GCC_DYNAMIC_NO_PIC = NO;
				GCC_OPTIMIZATION_LEVEL = 0;
				GCC_PREPROCESSOR_DEFINITIONS = (
					"DEBUG=1",
					"$(inherited)",
				);
				GCC_SYMBOLS_PRIVATE_EXTERN = NO;
				GCC_WARN_64_TO_32_BIT_CONVERSION = YES;
				GCC_WARN_ABOUT_RETURN_TYPE = YES_ERROR;
				GCC_WARN_UNDECLARED_SELECTOR = YES;
				GCC_WARN_UNINITIALIZED_AUTOS = YES_AGGRESSIVE;
				GCC_WARN_UNUSED_FUNCTION = YES;
				GCC_WARN_UNUSED_VARIABLE = YES;
				IPHONEOS_DEPLOYMENT_TARGET = 8.0;
				MTL_ENABLE_DEBUG_INFO = YES;
				ONLY_ACTIVE_ARCH = YES;
				SDKROOT = iphoneos;
				SWIFT_OPTIMIZATION_LEVEL = "-Onone";
				TARGETED_DEVICE_FAMILY = "1,2";
			};
			name = Debug;
		};
		5993947E19C2B42D00489E27 /* Release */ = {
			isa = XCBuildConfiguration;
			buildSettings = {
				ALWAYS_SEARCH_USER_PATHS = NO;
				CLANG_CXX_LANGUAGE_STANDARD = "gnu++0x";
				CLANG_CXX_LIBRARY = "libc++";
				CLANG_ENABLE_MODULES = YES;
				CLANG_ENABLE_OBJC_ARC = YES;
				CLANG_WARN_BOOL_CONVERSION = YES;
				CLANG_WARN_CONSTANT_CONVERSION = YES;
				CLANG_WARN_DIRECT_OBJC_ISA_USAGE = YES_ERROR;
				CLANG_WARN_EMPTY_BODY = YES;
				CLANG_WARN_ENUM_CONVERSION = YES;
				CLANG_WARN_INT_CONVERSION = YES;
				CLANG_WARN_OBJC_ROOT_CLASS = YES_ERROR;
				CLANG_WARN_UNREACHABLE_CODE = YES;
				CLANG_WARN__DUPLICATE_METHOD_MATCH = YES;
				"CODE_SIGN_IDENTITY[sdk=iphoneos*]" = "iPhone Developer";
				COPY_PHASE_STRIP = YES;
				ENABLE_NS_ASSERTIONS = NO;
				ENABLE_STRICT_OBJC_MSGSEND = YES;
				GCC_C_LANGUAGE_STANDARD = gnu99;
				GCC_WARN_64_TO_32_BIT_CONVERSION = YES;
				GCC_WARN_ABOUT_RETURN_TYPE = YES_ERROR;
				GCC_WARN_UNDECLARED_SELECTOR = YES;
				GCC_WARN_UNINITIALIZED_AUTOS = YES_AGGRESSIVE;
				GCC_WARN_UNUSED_FUNCTION = YES;
				GCC_WARN_UNUSED_VARIABLE = YES;
				IPHONEOS_DEPLOYMENT_TARGET = 8.0;
				MTL_ENABLE_DEBUG_INFO = NO;
				SDKROOT = iphoneos;
				TARGETED_DEVICE_FAMILY = "1,2";
				VALIDATE_PRODUCT = YES;
			};
			name = Release;
		};
		5993948019C2B42D00489E27 /* Debug */ = {
			isa = XCBuildConfiguration;
			buildSettings = {
				ASSETCATALOG_COMPILER_APPICON_NAME = AppIcon;
				INFOPLIST_FILE = Postcard/Info.plist;
				LD_RUNPATH_SEARCH_PATHS = "$(inherited) @executable_path/Frameworks";
				PRODUCT_NAME = "$(TARGET_NAME)";
			};
			name = Debug;
		};
		5993948119C2B42D00489E27 /* Release */ = {
			isa = XCBuildConfiguration;
			buildSettings = {
				ASSETCATALOG_COMPILER_APPICON_NAME = AppIcon;
				INFOPLIST_FILE = Postcard/Info.plist;
				LD_RUNPATH_SEARCH_PATHS = "$(inherited) @executable_path/Frameworks";
				PRODUCT_NAME = "$(TARGET_NAME)";
			};
			name = Release;
		};
		5993948319C2B42D00489E27 /* Debug */ = {
			isa = XCBuildConfiguration;
			buildSettings = {
				BUNDLE_LOADER = "$(TEST_HOST)";
				FRAMEWORK_SEARCH_PATHS = (
					"$(SDKROOT)/Developer/Library/Frameworks",
					"$(inherited)",
				);
				GCC_PREPROCESSOR_DEFINITIONS = (
					"DEBUG=1",
					"$(inherited)",
				);
				INFOPLIST_FILE = PostcardTests/Info.plist;
				LD_RUNPATH_SEARCH_PATHS = "$(inherited) @executable_path/Frameworks @loader_path/Frameworks";
				PRODUCT_NAME = "$(TARGET_NAME)";
				TEST_HOST = "$(BUILT_PRODUCTS_DIR)/Postcard.app/Postcard";
			};
			name = Debug;
		};
		5993948419C2B42D00489E27 /* Release */ = {
			isa = XCBuildConfiguration;
			buildSettings = {
				BUNDLE_LOADER = "$(TEST_HOST)";
				FRAMEWORK_SEARCH_PATHS = (
					"$(SDKROOT)/Developer/Library/Frameworks",
					"$(inherited)",
				);
				INFOPLIST_FILE = PostcardTests/Info.plist;
				LD_RUNPATH_SEARCH_PATHS = "$(inherited) @executable_path/Frameworks @loader_path/Frameworks";
				PRODUCT_NAME = "$(TARGET_NAME)";
				TEST_HOST = "$(BUILT_PRODUCTS_DIR)/Postcard.app/Postcard";
			};
			name = Release;
		};
/* End XCBuildConfiguration section */

/* Begin XCConfigurationList section */
		5993945B19C2B42D00489E27 /* Build configuration list for PBXProject "Postcard" */ = {
			isa = XCConfigurationList;
			buildConfigurations = (
				5993947D19C2B42D00489E27 /* Debug */,
				5993947E19C2B42D00489E27 /* Release */,
			);
			defaultConfigurationIsVisible = 0;
			defaultConfigurationName = Release;
		};
		5993947F19C2B42D00489E27 /* Build configuration list for PBXNativeTarget "Postcard" */ = {
			isa = XCConfigurationList;
			buildConfigurations = (
				5993948019C2B42D00489E27 /* Debug */,
				5993948119C2B42D00489E27 /* Release */,
			);
			defaultConfigurationIsVisible = 0;
			defaultConfigurationName = Release;
		};
		5993948219C2B42D00489E27 /* Build configuration list for PBXNativeTarget "PostcardTests" */ = {
			isa = XCConfigurationList;
			buildConfigurations = (
				5993948319C2B42D00489E27 /* Debug */,
				5993948419C2B42D00489E27 /* Release */,
			);
			defaultConfigurationIsVisible = 0;
			defaultConfigurationName = Release;
		};
/* End XCConfigurationList section */
	};
	rootObject = 5993945819C2B42D00489E27 /* Project object */;
}
